
Microsoft Visual Studio Solution File, Format Version 12.00
# Visual Studio Version 17
VisualStudioVersion = 17.5.33502.453
MinimumVisualStudioVersion = 10.0.40219.1
Project("{FAE04EC0-301F-11D3-BF4B-00C04F79EFBC}") = "StokTakip539", "StokTakip539\StokTakip539.csproj", "{2570A6D1-F589-4EBF-AD36-09A952F014B0}"
EndProject
Global
	GlobalSection(SolutionConfigurationPlatforms) = preSolution
		Debug|Any CPU = Debug|Any CPU
		Release|Any CPU = Release|Any CPU
	EndGlobalSection
	GlobalSection(ProjectConfigurationPlatforms) = postSolution
		{2570A6D1-F589-4EBF-AD36-09A952F014B0}.Debug|Any CPU.ActiveCfg = Debug|Any CPU
		{2570A6D1-F589-4EBF-AD36-09A952F014B0}.Debug|Any CPU.Build.0 = Debug|Any CPU
		{2570A6D1-F589-4EBF-AD36-09A952F014B0}.Release|Any CPU.ActiveCfg = Release|Any CPU
		{2570A6D1-F589-4EBF-AD36-09A952F014B0}.Release|Any CPU.Build.0 = Release|Any CPU
	EndGlobalSection
	GlobalSection(SolutionProperties) = preSolution
		HideSolutionNode = FALSE
	EndGlobalSection
	GlobalSection(ExtensibilityGlobals) = postSolution
		SolutionGuid = {B7EA2F79-9D4D-454A-ADD3-BD92A6F8B3A7}
	EndGlobalSection
EndGlobal
